schema: '2.0'
stages:
  ingestion:
    cmd: python src/pipelines/ingestion.py
    deps:
    - path: src/pipelines/ingestion.py
      hash: md5
      md5: 3fb0eb3644c6ac4a442d93e0e7780005
      size: 673
    outs:
    - path: data/raw
      hash: md5
      md5: 9360ae5984c29667f32ba17b9dedb7f6.dir
      size: 440997159
      nfiles: 9975
  preprocessing:
    cmd: python src/pipelines/preprocessing.py
    deps:
    - path: data/raw
      hash: md5
      md5: 9360ae5984c29667f32ba17b9dedb7f6.dir
      size: 440997159
      nfiles: 9975
    - path: src/pipelines/preprocessing.py
      hash: md5
      md5: c07b47d7d786af2ec5ab007798c8c8c0
      size: 1757
    outs:
    - path: data/processed
      hash: md5
      md5: a6370e1dea89d6688b75fd21ebe36e53.dir
      size: 497042089
      nfiles: 9974
